
Microsoft Visual Studio Solution File, Format Version 12.00
# Visual Studio 15
VisualStudioVersion = 15.0.28307.271
MinimumVisualStudioVersion = 10.0.40219.1
Project("{FAE04EC0-301F-11D3-BF4B-00C04F79EFBC}") = "library_management", "library_management\library_management.csproj", "{5BDE8198-B63C-4DDE-B6A9-7BAC3BC58E62}"
EndProject
Global
	GlobalSection(SolutionConfigurationPlatforms) = preSolution
		Debug|Any CPU = Debug|Any CPU
		Release|Any CPU = Release|Any CPU
	EndGlobalSection
	GlobalSection(ProjectConfigurationPlatforms) = postSolution
		{5BDE8198-B63C-4DDE-B6A9-7BAC3BC58E62}.Debug|Any CPU.ActiveCfg = Debug|Any CPU
		{5BDE8198-B63C-4DDE-B6A9-7BAC3BC58E62}.Debug|Any CPU.Build.0 = Debug|Any CPU
		{5BDE8198-B63C-4DDE-B6A9-7BAC3BC58E62}.Release|Any CPU.ActiveCfg = Release|Any CPU
		{5BDE8198-B63C-4DDE-B6A9-7BAC3BC58E62}.Release|Any CPU.Build.0 = Release|Any CPU
	EndGlobalSection
	GlobalSection(SolutionProperties) = preSolution
		HideSolutionNode = FALSE
	EndGlobalSection
	GlobalSection(ExtensibilityGlobals) = postSolution
		SolutionGuid = {D0D5E38D-6953-4CAA-949C-3FAC7F97ECC6}
	EndGlobalSection
EndGlobal
